
Microsoft Visual Studio Solution File, Format Version 12.00
# Visual Studio Version 16
VisualStudioVersion = 16.0.29613.14
MinimumVisualStudioVersion = 10.0.40219.1
Project("{8BC9CEB8-8B4A-11D0-8D11-00A0C91BC942}") = "Assignment3vs", "Assignment3vs.vcxproj", "{F337AA35-3001-4C85-BED9-FFB8767EBCDE}"
EndProject
Global
	GlobalSection(SolutionConfigurationPlatforms) = preSolution
		Debug|x64 = Debug|x64
		Debug|x86 = Debug|x86
		Release|x64 = Release|x64
		Release|x86 = Release|x86
	EndGlobalSection
	GlobalSection(ProjectConfigurationPlatforms) = postSolution
		{F337AA35-3001-4C85-BED9-FFB8767EBCDE}.Debug|x64.ActiveCfg = Debug|x64
		{F337AA35-3001-4C85-BED9-FFB8767EBCDE}.Debug|x64.Build.0 = Debug|x64
		{F337AA35-3001-4C85-BED9-FFB8767EBCDE}.Debug|x86.ActiveCfg = Debug|Win32
		{F337AA35-3001-4C85-BED9-FFB8767EBCDE}.Debug|x86.Build.0 = Debug|Win32
		{F337AA35-3001-4C85-BED9-FFB8767EBCDE}.Release|x64.ActiveCfg = Release|x64
		{F337AA35-3001-4C85-BED9-FFB8767EBCDE}.Release|x64.Build.0 = Release|x64
		{F337AA35-3001-4C85-BED9-FFB8767EBCDE}.Release|x86.ActiveCfg = Release|Win32
		{F337AA35-3001-4C85-BED9-FFB8767EBCDE}.Release|x86.Build.0 = Release|Win32
	EndGlobalSection
	GlobalSection(SolutionProperties) = preSolution
		HideSolutionNode = FALSE
	EndGlobalSection
	GlobalSection(ExtensibilityGlobals) = postSolution
		SolutionGuid = {F45123C7-71A6-4BD2-96F3-829D0356167C}
	EndGlobalSection
EndGlobal
